// !$*UTF8*$!
{
	archiveVersion = 1;
	classes = {
	};
	objectVersion = 56;
	objects = {

/* Begin PBXBuildFile section */
		F9ED451629A8C08F00FDD2A5 /* AppDelegate.swift in Sources */ = {isa = PBXBuildFile; fileRef = F9ED451529A8C08F00FDD2A5 /* AppDelegate.swift */; };
		F9ED451829A8C08F00FDD2A5 /* SceneDelegate.swift in Sources */ = {isa = PBXBuildFile; fileRef = F9ED451729A8C08F00FDD2A5 /* SceneDelegate.swift */; };
		F9ED451A29A8C08F00FDD2A5 /* ViewController.swift in Sources */ = {isa = PBXBuildFile; fileRef = F9ED451929A8C08F00FDD2A5 /* ViewController.swift */; };
		F9ED451D29A8C08F00FDD2A5 /* Main.storyboard in Resources */ = {isa = PBXBuildFile; fileRef = F9ED451B29A8C08F00FDD2A5 /* Main.storyboard */; };
		F9ED451F29A8C09000FDD2A5 /* Assets.xcassets in Resources */ = {isa = PBXBuildFile; fileRef = F9ED451E29A8C09000FDD2A5 /* Assets.xcassets */; };
		F9ED452229A8C09000FDD2A5 /* LaunchScreen.storyboard in Resources */ = {isa = PBXBuildFile; fileRef = F9ED452029A8C09000FDD2A5 /* LaunchScreen.storyboard */; };
		F9ED453029A8FB8000FDD2A5 /* UniformTypeIdentifiers.framework in Frameworks */ = {isa = PBXBuildFile; fileRef = F9ED452F29A8FB8000FDD2A5 /* UniformTypeIdentifiers.framework */; };
		F9ED453329A8FB8000FDD2A5 /* Media.xcassets in Resources */ = {isa = PBXBuildFile; fileRef = F9ED453229A8FB8000FDD2A5 /* Media.xcassets */; };
		F9ED453529A8FB8000FDD2A5 /* ActionViewController.swift in Sources */ = {isa = PBXBuildFile; fileRef = F9ED453429A8FB8000FDD2A5 /* ActionViewController.swift */; };
		F9ED453829A8FB8000FDD2A5 /* MainInterface.storyboard in Resources */ = {isa = PBXBuildFile; fileRef = F9ED453629A8FB8000FDD2A5 /* MainInterface.storyboard */; };
		F9ED453C29A8FB8000FDD2A5 /* Extension.appex in Embed Foundation Extensions */ = {isa = PBXBuildFile; fileRef = F9ED452D29A8FB8000FDD2A5 /* Extension.appex */; settings = {ATTRIBUTES = (RemoveHeadersOnCopy, ); }; };
		F9ED454229A97CB600FDD2A5 /* Action.js in Resources */ = {isa = PBXBuildFile; fileRef = F9ED454129A97CB600FDD2A5 /* Action.js */; };
/* End PBXBuildFile section */

/* Begin PBXContainerItemProxy section */
		F9ED453A29A8FB8000FDD2A5 /* PBXContainerItemProxy */ = {
			isa = PBXContainerItemProxy;
			containerPortal = F9ED450A29A8C08F00FDD2A5 /* Project object */;
			proxyType = 1;
			remoteGlobalIDString = F9ED452C29A8FB8000FDD2A5;
			remoteInfo = Extension;
		};
/* End PBXContainerItemProxy section */

/* Begin PBXCopyFilesBuildPhase section */
		F9ED454029A8FB8000FDD2A5 /* Embed Foundation Extensions */ = {
			isa = PBXCopyFilesBuildPhase;
			buildActionMask = 2147483647;
			dstPath = "";
			dstSubfolderSpec = 13;
			files = (
				F9ED453C29A8FB8000FDD2A5 /* Extension.appex in Embed Foundation Extensions */,
			);
			name = "Embed Foundation Extensions";
			runOnlyForDeploymentPostprocessing = 0;
		};
/* End PBXCopyFilesBuildPhase section */

/* Begin PBXFileReference section */
		F9ED451229A8C08F00FDD2A5 /* Project19.app */ = {isa = PBXFileReference; explicitFileType = wrapper.application; includeInIndex = 0; path = Project19.app; sourceTree = BUILT_PRODUCTS_DIR; };
		F9ED451529A8C08F00FDD2A5 /* AppDelegate.swift */ = {isa = PBXFileReference; lastKnownFileType = sourcecode.swift; path = AppDelegate.swift; sourceTree = "<group>"; };
		F9ED451729A8C08F00FDD2A5 /* SceneDelegate.swift */ = {isa = PBXFileReference; lastKnownFileType = sourcecode.swift; path = SceneDelegate.swift; sourceTree = "<group>"; };
		F9ED451929A8C08F00FDD2A5 /* ViewController.swift */ = {isa = PBXFileReference; lastKnownFileType = sourcecode.swift; path = ViewController.swift; sourceTree = "<group>"; };
		F9ED451C29A8C08F00FDD2A5 /* Base */ = {isa = PBXFileReference; lastKnownFileType = file.storyboard; name = Base; path = Base.lproj/Main.storyboard; sourceTree = "<group>"; };
		F9ED451E29A8C09000FDD2A5 /* Assets.xcassets */ = {isa = PBXFileReference; lastKnownFileType = folder.assetcatalog; path = Assets.xcassets; sourceTree = "<group>"; };
		F9ED452129A8C09000FDD2A5 /* Base */ = {isa = PBXFileReference; lastKnownFileType = file.storyboard; name = Base; path = Base.lproj/LaunchScreen.storyboard; sourceTree = "<group>"; };
		F9ED452329A8C09000FDD2A5 /* Info.plist */ = {isa = PBXFileReference; lastKnownFileType = text.plist.xml; path = Info.plist; sourceTree = "<group>"; };
		F9ED452D29A8FB8000FDD2A5 /* Extension.appex */ = {isa = PBXFileReference; explicitFileType = "wrapper.app-extension"; includeInIndex = 0; path = Extension.appex; sourceTree = BUILT_PRODUCTS_DIR; };
		F9ED452F29A8FB8000FDD2A5 /* UniformTypeIdentifiers.framework */ = {isa = PBXFileReference; lastKnownFileType = wrapper.framework; name = UniformTypeIdentifiers.framework; path = System/Library/Frameworks/UniformTypeIdentifiers.framework; sourceTree = SDKROOT; };
		F9ED453229A8FB8000FDD2A5 /* Media.xcassets */ = {isa = PBXFileReference; lastKnownFileType = folder.assetcatalog; path = Media.xcassets; sourceTree = "<group>"; };
		F9ED453429A8FB8000FDD2A5 /* ActionViewController.swift */ = {isa = PBXFileReference; lastKnownFileType = sourcecode.swift; path = ActionViewController.swift; sourceTree = "<group>"; };
		F9ED453729A8FB8000FDD2A5 /* Base */ = {isa = PBXFileReference; lastKnownFileType = file.storyboard; name = Base; path = Base.lproj/MainInterface.storyboard; sourceTree = "<group>"; };
		F9ED453929A8FB8000FDD2A5 /* Info.plist */ = {isa = PBXFileReference; lastKnownFileType = text.plist.xml; path = Info.plist; sourceTree = "<group>"; };
		F9ED454129A97CB600FDD2A5 /* Action.js */ = {isa = PBXFileReference; lastKnownFileType = sourcecode.javascript; path = Action.js; sourceTree = "<group>"; };
/* End PBXFileReference section */

/* Begin PBXFrameworksBuildPhase section */
		F9ED450F29A8C08F00FDD2A5 /* Frameworks */ = {
			isa = PBXFrameworksBuildPhase;
			buildActionMask = 2147483647;
			files = (
			);
			runOnlyForDeploymentPostprocessing = 0;
		};
		F9ED452A29A8FB8000FDD2A5 /* Frameworks */ = {
			isa = PBXFrameworksBuildPhase;
			buildActionMask = 2147483647;
			files = (
				F9ED453029A8FB8000FDD2A5 /* UniformTypeIdentifiers.framework in Frameworks */,
			);
			runOnlyForDeploymentPostprocessing = 0;
		};
/* End PBXFrameworksBuildPhase section */

/* Begin PBXGroup section */
		F9ED450929A8C08F00FDD2A5 = {
			isa = PBXGroup;
			children = (
				F9ED451429A8C08F00FDD2A5 /* Project19 */,
				F9ED453129A8FB8000FDD2A5 /* Extension */,
				F9ED452E29A8FB8000FDD2A5 /* Frameworks */,
				F9ED451329A8C08F00FDD2A5 /* Products */,
			);
			sourceTree = "<group>";
		};
		F9ED451329A8C08F00FDD2A5 /* Products */ = {
			isa = PBXGroup;
			children = (
				F9ED451229A8C08F00FDD2A5 /* Project19.app */,
				F9ED452D29A8FB8000FDD2A5 /* Extension.appex */,
			);
			name = Products;
			sourceTree = "<group>";
		};
		F9ED451429A8C08F00FDD2A5 /* Project19 */ = {
			isa = PBXGroup;
			children = (
				F9ED451529A8C08F00FDD2A5 /* AppDelegate.swift */,
				F9ED451729A8C08F00FDD2A5 /* SceneDelegate.swift */,
				F9ED451929A8C08F00FDD2A5 /* ViewController.swift */,
				F9ED451B29A8C08F00FDD2A5 /* Main.storyboard */,
				F9ED451E29A8C09000FDD2A5 /* Assets.xcassets */,
				F9ED452029A8C09000FDD2A5 /* LaunchScreen.storyboard */,
				F9ED452329A8C09000FDD2A5 /* Info.plist */,
			);
			path = Project19;
			sourceTree = "<group>";
		};
		F9ED452E29A8FB8000FDD2A5 /* Frameworks */ = {
			isa = PBXGroup;
			children = (
				F9ED452F29A8FB8000FDD2A5 /* UniformTypeIdentifiers.framework */,
			);
			name = Frameworks;
			sourceTree = "<group>";
		};
		F9ED453129A8FB8000FDD2A5 /* Extension */ = {
			isa = PBXGroup;
			children = (
				F9ED453229A8FB8000FDD2A5 /* Media.xcassets */,
				F9ED453429A8FB8000FDD2A5 /* ActionViewController.swift */,
				F9ED453629A8FB8000FDD2A5 /* MainInterface.storyboard */,
				F9ED453929A8FB8000FDD2A5 /* Info.plist */,
				F9ED454129A97CB600FDD2A5 /* Action.js */,
			);
			path = Extension;
			sourceTree = "<group>";
		};
/* End PBXGroup section */

/* Begin PBXNativeTarget section */
		F9ED451129A8C08F00FDD2A5 /* Project19 */ = {
			isa = PBXNativeTarget;
			buildConfigurationList = F9ED452629A8C09000FDD2A5 /* Build configuration list for PBXNativeTarget "Project19" */;
			buildPhases = (
				F9ED450E29A8C08F00FDD2A5 /* Sources */,
				F9ED450F29A8C08F00FDD2A5 /* Frameworks */,
				F9ED451029A8C08F00FDD2A5 /* Resources */,
				F9ED454029A8FB8000FDD2A5 /* Embed Foundation Extensions */,
			);
			buildRules = (
			);
			dependencies = (
				F9ED453B29A8FB8000FDD2A5 /* PBXTargetDependency */,
			);
			name = Project19;
			productName = Project19;
			productReference = F9ED451229A8C08F00FDD2A5 /* Project19.app */;
			productType = "com.apple.product-type.application";
		};
		F9ED452C29A8FB8000FDD2A5 /* Extension */ = {
			isa = PBXNativeTarget;
			buildConfigurationList = F9ED453D29A8FB8000FDD2A5 /* Build configuration list for PBXNativeTarget "Extension" */;
			buildPhases = (
				F9ED452929A8FB8000FDD2A5 /* Sources */,
				F9ED452A29A8FB8000FDD2A5 /* Frameworks */,
				F9ED452B29A8FB8000FDD2A5 /* Resources */,
			);
			buildRules = (
			);
			dependencies = (
			);
			name = Extension;
			productName = Extension;
			productReference = F9ED452D29A8FB8000FDD2A5 /* Extension.appex */;
			productType = "com.apple.product-type.app-extension";
		};
/* End PBXNativeTarget section */

/* Begin PBXProject section */
		F9ED450A29A8C08F00FDD2A5 /* Project object */ = {
			isa = PBXProject;
			attributes = {
				BuildIndependentTargetsInParallel = 1;
				LastSwiftUpdateCheck = 1400;
				LastUpgradeCheck = 1400;
				TargetAttributes = {
					F9ED451129A8C08F00FDD2A5 = {
						CreatedOnToolsVersion = 14.0.1;
					};
					F9ED452C29A8FB8000FDD2A5 = {
						CreatedOnToolsVersion = 14.0.1;
					};
				};
			};
			buildConfigurationList = F9ED450D29A8C08F00FDD2A5 /* Build configuration list for PBXProject "Project19" */;
			compatibilityVersion = "Xcode 14.0";
			developmentRegion = en;
			hasScannedForEncodings = 0;
			knownRegions = (
				en,
				Base,
			);
			mainGroup = F9ED450929A8C08F00FDD2A5;
			productRefGroup = F9ED451329A8C08F00FDD2A5 /* Products */;
			projectDirPath = "";
			projectRoot = "";
			targets = (
				F9ED451129A8C08F00FDD2A5 /* Project19 */,
				F9ED452C29A8FB8000FDD2A5 /* Extension */,
			);
		};
/* End PBXProject section */

/* Begin PBXResourcesBuildPhase section */
		F9ED451029A8C08F00FDD2A5 /* Resources */ = {
			isa = PBXResourcesBuildPhase;
			buildActionMask = 2147483647;
			files = (
				F9ED452229A8C09000FDD2A5 /* LaunchScreen.storyboard in Resources */,
				F9ED451F29A8C09000FDD2A5 /* Assets.xcassets in Resources */,
				F9ED451D29A8C08F00FDD2A5 /* Main.storyboard in Resources */,
			);
			runOnlyForDeploymentPostprocessing = 0;
		};
		F9ED452B29A8FB8000FDD2A5 /* Resources */ = {
			isa = PBXResourcesBuildPhase;
			buildActionMask = 2147483647;
			files = (
				F9ED454229A97CB600FDD2A5 /* Action.js in Resources */,
				F9ED453329A8FB8000FDD2A5 /* Media.xcassets in Resources */,
				F9ED453829A8FB8000FDD2A5 /* MainInterface.storyboard in Resources */,
			);
			runOnlyForDeploymentPostprocessing = 0;
		};
/* End PBXResourcesBuildPhase section */

/* Begin PBXSourcesBuildPhase section */
		F9ED450E29A8C08F00FDD2A5 /* Sources */ = {
			isa = PBXSourcesBuildPhase;
			buildActionMask = 2147483647;
			files = (
				F9ED451A29A8C08F00FDD2A5 /* ViewController.swift in Sources */,
				F9ED451629A8C08F00FDD2A5 /* AppDelegate.swift in Sources */,
				F9ED451829A8C08F00FDD2A5 /* SceneDelegate.swift in Sources */,
			);
			runOnlyForDeploymentPostprocessing = 0;
		};
		F9ED452929A8FB8000FDD2A5 /* Sources */ = {
			isa = PBXSourcesBuildPhase;
			buildActionMask = 2147483647;
			files = (
				F9ED453529A8FB8000FDD2A5 /* ActionViewController.swift in Sources */,
			);
			runOnlyForDeploymentPostprocessing = 0;
		};
/* End PBXSourcesBuildPhase section */

/* Begin PBXTargetDependency section */
		F9ED453B29A8FB8000FDD2A5 /* PBXTargetDependency */ = {
			isa = PBXTargetDependency;
			target = F9ED452C29A8FB8000FDD2A5 /* Extension */;
			targetProxy = F9ED453A29A8FB8000FDD2A5 /* PBXContainerItemProxy */;
		};
/* End PBXTargetDependency section */

/* Begin PBXVariantGroup section */
		F9ED451B29A8C08F00FDD2A5 /* Main.storyboard */ = {
			isa = PBXVariantGroup;
			children = (
				F9ED451C29A8C08F00FDD2A5 /* Base */,
			);
			name = Main.storyboard;
			sourceTree = "<group>";
		};
		F9ED452029A8C09000FDD2A5 /* LaunchScreen.storyboard */ = {
			isa = PBXVariantGroup;
			children = (
				F9ED452129A8C09000FDD2A5 /* Base */,
			);
			name = LaunchScreen.storyboard;
			sourceTree = "<group>";
		};
		F9ED453629A8FB8000FDD2A5 /* MainInterface.storyboard */ = {
			isa = PBXVariantGroup;
			children = (
				F9ED453729A8FB8000FDD2A5 /* Base */,
			);
			name = MainInterface.storyboard;
			sourceTree = "<group>";
		};
/* End PBXVariantGroup section */

/* Begin XCBuildConfiguration section */
		F9ED452429A8C09000FDD2A5 /* Debug */ = {
			isa = XCBuildConfiguration;
			buildSettings = {
				ALWAYS_SEARCH_USER_PATHS = NO;
				CLANG_ANALYZER_NONNULL = YES;
				CLANG_ANALYZER_NUMBER_OBJECT_CONVERSION = YES_AGGRESSIVE;
				CLANG_CXX_LANGUAGE_STANDARD = "gnu++20";
				CLANG_ENABLE_MODULES = YES;
				CLANG_ENABLE_OBJC_ARC = YES;
				CLANG_ENABLE_OBJC_WEAK = YES;
				CLANG_WARN_BLOCK_CAPTURE_AUTORELEASING = YES;
				CLANG_WARN_BOOL_CONVERSION = YES;
				CLANG_WARN_COMMA = YES;
				CLANG_WARN_CONSTANT_CONVERSION = YES;
				CLANG_WARN_DEPRECATED_OBJC_IMPLEMENTATIONS = YES;
				CLANG_WARN_DIRECT_OBJC_ISA_USAGE = YES_ERROR;
				CLANG_WARN_DOCUMENTATION_COMMENTS = YES;
				CLANG_WARN_EMPTY_BODY = YES;
				CLANG_WARN_ENUM_CONVERSION = YES;
				CLANG_WARN_INFINITE_RECURSION = YES;
				CLANG_WARN_INT_CONVERSION = YES;
				CLANG_WARN_NON_LITERAL_NULL_CONVERSION = YES;
				CLANG_WARN_OBJC_IMPLICIT_RETAIN_SELF = YES;
				CLANG_WARN_OBJC_LITERAL_CONVERSION = YES;
				CLANG_WARN_OBJC_ROOT_CLASS = YES_ERROR;
				CLANG_WARN_QUOTED_INCLUDE_IN_FRAMEWORK_HEADER = YES;
				CLANG_WARN_RANGE_LOOP_ANALYSIS = YES;
				CLANG_WARN_STRICT_PROTOTYPES = YES;
				CLANG_WARN_SUSPICIOUS_MOVE = YES;
				CLANG_WARN_UNGUARDED_AVAILABILITY = YES_AGGRESSIVE;
				CLANG_WARN_UNREACHABLE_CODE = YES;
				CLANG_WARN__DUPLICATE_METHOD_MATCH = YES;
				COPY_PHASE_STRIP = NO;
				DEBUG_INFORMATION_FORMAT = dwarf;
				ENABLE_STRICT_OBJC_MSGSEND = YES;
				ENABLE_TESTABILITY = YES;
				GCC_C_LANGUAGE_STANDARD = gnu11;
				GCC_DYNAMIC_NO_PIC = NO;
				GCC_NO_COMMON_BLOCKS = YES;
				GCC_OPTIMIZATION_LEVEL = 0;
				GCC_PREPROCESSOR_DEFINITIONS = (
					"DEBUG=1",
					"$(inherited)",
				);
				GCC_WARN_64_TO_32_BIT_CONVERSION = YES;
				GCC_WARN_ABOUT_RETURN_TYPE = YES_ERROR;
				GCC_WARN_UNDECLARED_SELECTOR = YES;
				GCC_WARN_UNINITIALIZED_AUTOS = YES_AGGRESSIVE;
				GCC_WARN_UNUSED_FUNCTION = YES;
				GCC_WARN_UNUSED_VARIABLE = YES;
				IPHONEOS_DEPLOYMENT_TARGET = 16.0;
				MTL_ENABLE_DEBUG_INFO = INCLUDE_SOURCE;
				MTL_FAST_MATH = YES;
				ONLY_ACTIVE_ARCH = YES;
				SDKROOT = iphoneos;
				SWIFT_ACTIVE_COMPILATION_CONDITIONS = DEBUG;
				SWIFT_OPTIMIZATION_LEVEL = "-Onone";
			};
			name = Debug;
		};
		F9ED452529A8C09000FDD2A5 /* Release */ = {
			isa = XCBuildConfiguration;
			buildSettings = {
				ALWAYS_SEARCH_USER_PATHS = NO;
				CLANG_ANALYZER_NONNULL = YES;
				CLANG_ANALYZER_NUMBER_OBJECT_CONVERSION = YES_AGGRESSIVE;
				CLANG_CXX_LANGUAGE_STANDARD = "gnu++20";
				CLANG_ENABLE_MODULES = YES;
				CLANG_ENABLE_OBJC_ARC = YES;
				CLANG_ENABLE_OBJC_WEAK = YES;
				CLANG_WARN_BLOCK_CAPTURE_AUTORELEASING = YES;
				CLANG_WARN_BOOL_CONVERSION = YES;
				CLANG_WARN_COMMA = YES;
				CLANG_WARN_CONSTANT_CONVERSION = YES;
				CLANG_WARN_DEPRECATED_OBJC_IMPLEMENTATIONS = YES;
				CLANG_WARN_DIRECT_OBJC_ISA_USAGE = YES_ERROR;
				CLANG_WARN_DOCUMENTATION_COMMENTS = YES;
				CLANG_WARN_EMPTY_BODY = YES;
				CLANG_WARN_ENUM_CONVERSION = YES;
				CLANG_WARN_INFINITE_RECURSION = YES;
				CLANG_WARN_INT_CONVERSION = YES;
				CLANG_WARN_NON_LITERAL_NULL_CONVERSION = YES;
				CLANG_WARN_OBJC_IMPLICIT_RETAIN_SELF = YES;
				CLANG_WARN_OBJC_LITERAL_CONVERSION = YES;
				CLANG_WARN_OBJC_ROOT_CLASS = YES_ERROR;
				CLANG_WARN_QUOTED_INCLUDE_IN_FRAMEWORK_HEADER = YES;
				CLANG_WARN_RANGE_LOOP_ANALYSIS = YES;
				CLANG_WARN_STRICT_PROTOTYPES = YES;
				CLANG_WARN_SUSPICIOUS_MOVE = YES;
				CLANG_WARN_UNGUARDED_AVAILABILITY = YES_AGGRESSIVE;
				CLANG_WARN_UNREACHABLE_CODE = YES;
				CLANG_WARN__DUPLICATE_METHOD_MATCH = YES;
				COPY_PHASE_STRIP = NO;
				DEBUG_INFORMATION_FORMAT = "dwarf-with-dsym";
				ENABLE_NS_ASSERTIONS = NO;
				ENABLE_STRICT_OBJC_MSGSEND = YES;
				GCC_C_LANGUAGE_STANDARD = gnu11;
				GCC_NO_COMMON_BLOCKS = YES;
				GCC_WARN_64_TO_32_BIT_CONVERSION = YES;
				GCC_WARN_ABOUT_RETURN_TYPE = YES_ERROR;
				GCC_WARN_UNDECLARED_SELECTOR = YES;
				GCC_WARN_UNINITIALIZED_AUTOS = YES_AGGRESSIVE;
				GCC_WARN_UNUSED_FUNCTION = YES;
				GCC_WARN_UNUSED_VARIABLE = YES;
				IPHONEOS_DEPLOYMENT_TARGET = 16.0;
				MTL_ENABLE_DEBUG_INFO = NO;
				MTL_FAST_MATH = YES;
				SDKROOT = iphoneos;
				SWIFT_COMPILATION_MODE = wholemodule;
				SWIFT_OPTIMIZATION_LEVEL = "-O";
				VALIDATE_PRODUCT = YES;
			};
			name = Release;
		};
		F9ED452729A8C09000FDD2A5 /* Debug */ = {
			isa = XCBuildConfiguration;
			buildSettings = {
				ALWAYS_EMBED_SWIFT_STANDARD_LIBRARIES = YES;
				ASSETCATALOG_COMPILER_APPICON_NAME = AppIcon;
				ASSETCATALOG_COMPILER_GLOBAL_ACCENT_COLOR_NAME = AccentColor;
				CODE_SIGN_STYLE = Automatic;
				CURRENT_PROJECT_VERSION = 1;
				DEVELOPMENT_TEAM = 4D9A6P6X9K;
				GENERATE_INFOPLIST_FILE = YES;
				INFOPLIST_FILE = Project19/Info.plist;
				INFOPLIST_KEY_UIApplicationSupportsIndirectInputEvents = YES;
				INFOPLIST_KEY_UILaunchStoryboardName = LaunchScreen;
				INFOPLIST_KEY_UIMainStoryboardFile = Main;
				INFOPLIST_KEY_UISupportedInterfaceOrientations_iPad = "UIInterfaceOrientationPortrait UIInterfaceOrientationPortraitUpsideDown UIInterfaceOrientationLandscapeLeft UIInterfaceOrientationLandscapeRight";
				INFOPLIST_KEY_UISupportedInterfaceOrientations_iPhone = "UIInterfaceOrientationPortrait UIInterfaceOrientationLandscapeLeft UIInterfaceOrientationLandscapeRight";
				LD_RUNPATH_SEARCH_PATHS = (
					"$(inherited)",
					"@executable_path/Frameworks",
				);
				MARKETING_VERSION = 1.0;
				PRODUCT_BUNDLE_IDENTIFIER = aVVinakheras.Project19;
				PRODUCT_NAME = "$(TARGET_NAME)";
				SWIFT_EMIT_LOC_STRINGS = YES;
				SWIFT_VERSION = 5.0;
				TARGETED_DEVICE_FAMILY = "1,2";
			};
			name = Debug;
		};
		F9ED452829A8C09000FDD2A5 /* Release */ = {
			isa = XCBuildConfiguration;
			buildSettings = {
				ALWAYS_EMBED_SWIFT_STANDARD_LIBRARIES = YES;
				ASSETCATALOG_COMPILER_APPICON_NAME = AppIcon;
				ASSETCATALOG_COMPILER_GLOBAL_ACCENT_COLOR_NAME = AccentColor;
				CODE_SIGN_STYLE = Automatic;
				CURRENT_PROJECT_VERSION = 1;
				DEVELOPMENT_TEAM = 4D9A6P6X9K;
				GENERATE_INFOPLIST_FILE = YES;
				INFOPLIST_FILE = Project19/Info.plist;
				INFOPLIST_KEY_UIApplicationSupportsIndirectInputEvents = YES;
				INFOPLIST_KEY_UILaunchStoryboardName = LaunchScreen;
				INFOPLIST_KEY_UIMainStoryboardFile = Main;
				INFOPLIST_KEY_UISupportedInterfaceOrientations_iPad = "UIInterfaceOrientationPortrait UIInterfaceOrientationPortraitUpsideDown UIInterfaceOrientationLandscapeLeft UIInterfaceOrientationLandscapeRight";
				INFOPLIST_KEY_UISupportedInterfaceOrientations_iPhone = "UIInterfaceOrientationPortrait UIInterfaceOrientationLandscapeLeft UIInterfaceOrientationLandscapeRight";
				LD_RUNPATH_SEARCH_PATHS = (
					"$(inherited)",
					"@executable_path/Frameworks",
				);
				MARKETING_VERSION = 1.0;
				PRODUCT_BUNDLE_IDENTIFIER = aVVinakheras.Project19;
				PRODUCT_NAME = "$(TARGET_NAME)";
				SWIFT_EMIT_LOC_STRINGS = YES;
				SWIFT_VERSION = 5.0;
				TARGETED_DEVICE_FAMILY = "1,2";
			};
			name = Release;
		};
		F9ED453E29A8FB8000FDD2A5 /* Debug */ = {
			isa = XCBuildConfiguration;
			buildSettings = {
				CODE_SIGN_STYLE = Automatic;
				CURRENT_PROJECT_VERSION = 1;
				DEVELOPMENT_TEAM = 4D9A6P6X9K;
				GENERATE_INFOPLIST_FILE = YES;
				INFOPLIST_FILE = Extension/Info.plist;
				INFOPLIST_KEY_CFBundleDisplayName = Extension;
				INFOPLIST_KEY_NSHumanReadableCopyright = "";
				LD_RUNPATH_SEARCH_PATHS = (
					"$(inherited)",
					"@executable_path/Frameworks",
					"@executable_path/../../Frameworks",
				);
				MARKETING_VERSION = 1.0;
				PRODUCT_BUNDLE_IDENTIFIER = aVVinakheras.Project19.Extension;
				PRODUCT_NAME = "$(TARGET_NAME)";
				SKIP_INSTALL = YES;
				SWIFT_EMIT_LOC_STRINGS = YES;
				SWIFT_VERSION = 5.0;
				TARGETED_DEVICE_FAMILY = "1,2";
			};
			name = Debug;
		};
		F9ED453F29A8FB8000FDD2A5 /* Release */ = {
			isa = XCBuildConfiguration;
			buildSettings = {
				CODE_SIGN_STYLE = Automatic;
				CURRENT_PROJECT_VERSION = 1;
				DEVELOPMENT_TEAM = 4D9A6P6X9K;
				GENERATE_INFOPLIST_FILE = YES;
				INFOPLIST_FILE = Extension/Info.plist;
				INFOPLIST_KEY_CFBundleDisplayName = Extension;
				INFOPLIST_KEY_NSHumanReadableCopyright = "";
				LD_RUNPATH_SEARCH_PATHS = (
					"$(inherited)",
					"@executable_path/Frameworks",
					"@executable_path/../../Frameworks",
				);
				MARKETING_VERSION = 1.0;
				PRODUCT_BUNDLE_IDENTIFIER = aVVinakheras.Project19.Extension;
				PRODUCT_NAME = "$(TARGET_NAME)";
				SKIP_INSTALL = YES;
				SWIFT_EMIT_LOC_STRINGS = YES;
				SWIFT_VERSION = 5.0;
				TARGETED_DEVICE_FAMILY = "1,2";
			};
			name = Release;
		};
/* End XCBuildConfiguration section */

/* Begin XCConfigurationList section */
		F9ED450D29A8C08F00FDD2A5 /* Build configuration list for PBXProject "Project19" */ = {
			isa = XCConfigurationList;
			buildConfigurations = (
				F9ED452429A8C09000FDD2A5 /* Debug */,
				F9ED452529A8C09000FDD2A5 /* Release */,
			);
			defaultConfigurationIsVisible = 0;
			defaultConfigurationName = Release;
		};
		F9ED452629A8C09000FDD2A5 /* Build configuration list for PBXNativeTarget "Project19" */ = {
			isa = XCConfigurationList;
			buildConfigurations = (
				F9ED452729A8C09000FDD2A5 /* Debug */,
				F9ED452829A8C09000FDD2A5 /* Release */,
			);
			defaultConfigurationIsVisible = 0;
			defaultConfigurationName = Release;
		};
		F9ED453D29A8FB8000FDD2A5 /* Build configuration list for PBXNativeTarget "Extension" */ = {
			isa = XCConfigurationList;
			buildConfigurations = (
				F9ED453E29A8FB8000FDD2A5 /* Debug */,
				F9ED453F29A8FB8000FDD2A5 /* Release */,
			);
			defaultConfigurationIsVisible = 0;
			defaultConfigurationName = Release;
		};
/* End XCConfigurationList section */
	};
	rootObject = F9ED450A29A8C08F00FDD2A5 /* Project object */;
}
